
Microsoft Visual Studio Solution File, Format Version 12.00
# Visual Studio Version 16
VisualStudioVersion = 16.0.31729.503
MinimumVisualStudioVersion = 10.0.40219.1
Project("{FAE04EC0-301F-11D3-BF4B-00C04F79EFBC}") = "WinFormsApp - Account in Bank 'Simple Class'", "WinFormsApp - Account in Bank 'Simple Class'\WinFormsApp - Account in Bank 'Simple Class'.csproj", "{BB521DAF-7B5C-4644-AF02-27F9E009D50C}"
EndProject
Global
	GlobalSection(SolutionConfigurationPlatforms) = preSolution
		Debug|Any CPU = Debug|Any CPU
		Release|Any CPU = Release|Any CPU
	EndGlobalSection
	GlobalSection(ProjectConfigurationPlatforms) = postSolution
		{BB521DAF-7B5C-4644-AF02-27F9E009D50C}.Debug|Any CPU.ActiveCfg = Debug|Any CPU
		{BB521DAF-7B5C-4644-AF02-27F9E009D50C}.Debug|Any CPU.Build.0 = Debug|Any CPU
		{BB521DAF-7B5C-4644-AF02-27F9E009D50C}.Release|Any CPU.ActiveCfg = Release|Any CPU
		{BB521DAF-7B5C-4644-AF02-27F9E009D50C}.Release|Any CPU.Build.0 = Release|Any CPU
	EndGlobalSection
	GlobalSection(SolutionProperties) = preSolution
		HideSolutionNode = FALSE
	EndGlobalSection
	GlobalSection(ExtensibilityGlobals) = postSolution
		SolutionGuid = {9446B6A7-8A4B-4C0C-9892-A1D8065F615F}
	EndGlobalSection
EndGlobal
